
Microsoft Visual Studio Solution File, Format Version 12.00
# Visual Studio Version 17
VisualStudioVersion = 17.12.35527.113 d17.12
MinimumVisualStudioVersion = 10.0.40219.1
Project("{FAE04EC0-301F-11D3-BF4B-00C04F79EFBC}") = "Test", "Test\Test.csproj", "{142E97C8-AF59-4043-BD46-1A548C51EE52}"
EndProject
Global
	GlobalSection(SolutionConfigurationPlatforms) = preSolution
		Debug|Any CPU = Debug|Any CPU
		Release|Any CPU = Release|Any CPU
	EndGlobalSection
	GlobalSection(ProjectConfigurationPlatforms) = postSolution
		{142E97C8-AF59-4043-BD46-1A548C51EE52}.Debug|Any CPU.ActiveCfg = Debug|Any CPU
		{142E97C8-AF59-4043-BD46-1A548C51EE52}.Debug|Any CPU.Build.0 = Debug|Any CPU
		{142E97C8-AF59-4043-BD46-1A548C51EE52}.Release|Any CPU.ActiveCfg = Release|Any CPU
		{142E97C8-AF59-4043-BD46-1A548C51EE52}.Release|Any CPU.Build.0 = Release|Any CPU
	EndGlobalSection
	GlobalSection(SolutionProperties) = preSolution
		HideSolutionNode = FALSE
	EndGlobalSection
EndGlobal
